
Microsoft Visual Studio Solution File, Format Version 12.00
# Visual Studio Version 16
VisualStudioVersion = 16.0.33423.256
MinimumVisualStudioVersion = 10.0.40219.1
Project("{FAE04EC0-301F-11D3-BF4B-00C04F79EFBC}") = "onlineagriculturemarketing (OAM)", "WebApplication16\onlineagriculturemarketing (OAM).csproj", "{6271B93F-6334-441E-84E2-FA6E061E50CD}"
EndProject
Global
	GlobalSection(SolutionConfigurationPlatforms) = preSolution
		Debug|Any CPU = Debug|Any CPU
		Release|Any CPU = Release|Any CPU
	EndGlobalSection
	GlobalSection(ProjectConfigurationPlatforms) = postSolution
		{6271B93F-6334-441E-84E2-FA6E061E50CD}.Debug|Any CPU.ActiveCfg = Debug|Any CPU
		{6271B93F-6334-441E-84E2-FA6E061E50CD}.Debug|Any CPU.Build.0 = Debug|Any CPU
		{6271B93F-6334-441E-84E2-FA6E061E50CD}.Release|Any CPU.ActiveCfg = Release|Any CPU
		{6271B93F-6334-441E-84E2-FA6E061E50CD}.Release|Any CPU.Build.0 = Release|Any CPU
	EndGlobalSection
	GlobalSection(SolutionProperties) = preSolution
		HideSolutionNode = FALSE
	EndGlobalSection
	GlobalSection(ExtensibilityGlobals) = postSolution
		SolutionGuid = {1585E8DB-60B7-4654-B5A5-D42C9F84C032}
	EndGlobalSection
EndGlobal
